
Microsoft Visual Studio Solution File, Format Version 12.00
# Visual Studio Version 16
VisualStudioVersion = 16.0.808.4
MinimumVisualStudioVersion = 10.0.40219.1
Project("{FAE04EC0-301F-11D3-BF4B-00C04F79EFBC}") = "AssetTracking", "AssetTracking\AssetTracking.csproj", "{446A0F91-88B4-46AD-9DF4-6F99361EEBC0}"
EndProject
Global
	GlobalSection(SolutionConfigurationPlatforms) = preSolution
		Debug|Any CPU = Debug|Any CPU
		Release|Any CPU = Release|Any CPU
	EndGlobalSection
	GlobalSection(ProjectConfigurationPlatforms) = postSolution
		{446A0F91-88B4-46AD-9DF4-6F99361EEBC0}.Debug|Any CPU.ActiveCfg = Debug|Any CPU
		{446A0F91-88B4-46AD-9DF4-6F99361EEBC0}.Debug|Any CPU.Build.0 = Debug|Any CPU
		{446A0F91-88B4-46AD-9DF4-6F99361EEBC0}.Release|Any CPU.ActiveCfg = Release|Any CPU
		{446A0F91-88B4-46AD-9DF4-6F99361EEBC0}.Release|Any CPU.Build.0 = Release|Any CPU
	EndGlobalSection
	GlobalSection(SolutionProperties) = preSolution
		HideSolutionNode = FALSE
	EndGlobalSection
	GlobalSection(ExtensibilityGlobals) = postSolution
		SolutionGuid = {48F09F47-9553-46CD-985D-9A76A40C4CE9}
	EndGlobalSection
EndGlobal
